
Microsoft Visual Studio Solution File, Format Version 12.00
Project("{FAE04EC0-301F-11D3-BF4B-00C04F79EFBC}") = "CryptoService", "CryptoService\CryptoService.csproj", "{B06D63DC-F03E-4922-A78C-1B590EE43DAB}"
EndProject
Global
	GlobalSection(SolutionConfigurationPlatforms) = preSolution
		Debug|Any CPU = Debug|Any CPU
		Release|Any CPU = Release|Any CPU
	EndGlobalSection
	GlobalSection(ProjectConfigurationPlatforms) = postSolution
		{B06D63DC-F03E-4922-A78C-1B590EE43DAB}.Debug|Any CPU.ActiveCfg = Debug|Any CPU
		{B06D63DC-F03E-4922-A78C-1B590EE43DAB}.Debug|Any CPU.Build.0 = Debug|Any CPU
		{B06D63DC-F03E-4922-A78C-1B590EE43DAB}.Release|Any CPU.ActiveCfg = Release|Any CPU
		{B06D63DC-F03E-4922-A78C-1B590EE43DAB}.Release|Any CPU.Build.0 = Release|Any CPU
	EndGlobalSection
EndGlobal
